// !$*UTF8*$!
{
	archiveVersion = 1;
	classes = {
	};
	objectVersion = 50;
	objects = {

/* Begin PBXBuildFile section */
		D2D797BF2C3FA6D800B98289 /* AppDelegate.swift in Sources */ = {isa = PBXBuildFile; fileRef = D2D797BE2C3FA6D800B98289 /* AppDelegate.swift */; };
		D2D797C12C3FA6D800B98289 /* SceneDelegate.swift in Sources */ = {isa = PBXBuildFile; fileRef = D2D797C02C3FA6D800B98289 /* SceneDelegate.swift */; };
		D2D797C32C3FA6D800B98289 /* ViewController.swift in Sources */ = {isa = PBXBuildFile; fileRef = D2D797C22C3FA6D800B98289 /* ViewController.swift */; };
		D2D797C62C3FA6D800B98289 /* Main.storyboard in Resources */ = {isa = PBXBuildFile; fileRef = D2D797C42C3FA6D800B98289 /* Main.storyboard */; };
		D2D797C92C3FA6D800B98289 /* LOGINPAGEVIEWER.xcdatamodeld in Sources */ = {isa = PBXBuildFile; fileRef = D2D797C72C3FA6D800B98289 /* LOGINPAGEVIEWER.xcdatamodeld */; };
		D2D797CB2C3FA6DA00B98289 /* Assets.xcassets in Resources */ = {isa = PBXBuildFile; fileRef = D2D797CA2C3FA6DA00B98289 /* Assets.xcassets */; };
		D2D797CE2C3FA6DA00B98289 /* LaunchScreen.storyboard in Resources */ = {isa = PBXBuildFile; fileRef = D2D797CC2C3FA6DA00B98289 /* LaunchScreen.storyboard */; };
		D2D797D92C3FA6DB00B98289 /* LOGINPAGEVIEWERTests.swift in Sources */ = {isa = PBXBuildFile; fileRef = D2D797D82C3FA6DB00B98289 /* LOGINPAGEVIEWERTests.swift */; };
		D2D797E42C3FA6DB00B98289 /* LOGINPAGEVIEWERUITests.swift in Sources */ = {isa = PBXBuildFile; fileRef = D2D797E32C3FA6DB00B98289 /* LOGINPAGEVIEWERUITests.swift */; };
		D2D798002C3FB34B00B98289 /* LOGIN1ViewController.swift in Sources */ = {isa = PBXBuildFile; fileRef = D2D797FF2C3FB34B00B98289 /* LOGIN1ViewController.swift */; };
		D2D798052C3FB92B00B98289 /* HOMEViewController.swift in Sources */ = {isa = PBXBuildFile; fileRef = D2D798042C3FB92B00B98289 /* HOMEViewController.swift */; };
		D2D7980A2C3FBB8500B98289 /* HOME1TableViewCell.swift in Sources */ = {isa = PBXBuildFile; fileRef = D2D798092C3FBB8500B98289 /* HOME1TableViewCell.swift */; };
/* End PBXBuildFile section */

/* Begin PBXContainerItemProxy section */
		D2D797D52C3FA6DB00B98289 /* PBXContainerItemProxy */ = {
			isa = PBXContainerItemProxy;
			containerPortal = D2D797B32C3FA6D800B98289 /* Project object */;
			proxyType = 1;
			remoteGlobalIDString = D2D797BA2C3FA6D800B98289;
			remoteInfo = LOGINPAGEVIEWER;
		};
		D2D797E02C3FA6DB00B98289 /* PBXContainerItemProxy */ = {
			isa = PBXContainerItemProxy;
			containerPortal = D2D797B32C3FA6D800B98289 /* Project object */;
			proxyType = 1;
			remoteGlobalIDString = D2D797BA2C3FA6D800B98289;
			remoteInfo = LOGINPAGEVIEWER;
		};
/* End PBXContainerItemProxy section */

/* Begin PBXFileReference section */
		D2D797BB2C3FA6D800B98289 /* LOGINPAGEVIEWER.app */ = {isa = PBXFileReference; explicitFileType = wrapper.application; includeInIndex = 0; path = LOGINPAGEVIEWER.app; sourceTree = BUILT_PRODUCTS_DIR; };
		D2D797BE2C3FA6D800B98289 /* AppDelegate.swift */ = {isa = PBXFileReference; lastKnownFileType = sourcecode.swift; path = AppDelegate.swift; sourceTree = "<group>"; };
		D2D797C02C3FA6D800B98289 /* SceneDelegate.swift */ = {isa = PBXFileReference; lastKnownFileType = sourcecode.swift; path = SceneDelegate.swift; sourceTree = "<group>"; };
		D2D797C22C3FA6D800B98289 /* ViewController.swift */ = {isa = PBXFileReference; lastKnownFileType = sourcecode.swift; path = ViewController.swift; sourceTree = "<group>"; };
		D2D797C52C3FA6D800B98289 /* Base */ = {isa = PBXFileReference; lastKnownFileType = file.storyboard; name = Base; path = Base.lproj/Main.storyboard; sourceTree = "<group>"; };
		D2D797C82C3FA6D800B98289 /* LOGINPAGEVIEWER.xcdatamodel */ = {isa = PBXFileReference; lastKnownFileType = wrapper.xcdatamodel; path = LOGINPAGEVIEWER.xcdatamodel; sourceTree = "<group>"; };
		D2D797CA2C3FA6DA00B98289 /* Assets.xcassets */ = {isa = PBXFileReference; lastKnownFileType = folder.assetcatalog; path = Assets.xcassets; sourceTree = "<group>"; };
		D2D797CD2C3FA6DA00B98289 /* Base */ = {isa = PBXFileReference; lastKnownFileType = file.storyboard; name = Base; path = Base.lproj/LaunchScreen.storyboard; sourceTree = "<group>"; };
		D2D797CF2C3FA6DA00B98289 /* Info.plist */ = {isa = PBXFileReference; lastKnownFileType = text.plist.xml; path = Info.plist; sourceTree = "<group>"; };
		D2D797D42C3FA6DB00B98289 /* LOGINPAGEVIEWERTests.xctest */ = {isa = PBXFileReference; explicitFileType = wrapper.cfbundle; includeInIndex = 0; path = LOGINPAGEVIEWERTests.xctest; sourceTree = BUILT_PRODUCTS_DIR; };
		D2D797D82C3FA6DB00B98289 /* LOGINPAGEVIEWERTests.swift */ = {isa = PBXFileReference; lastKnownFileType = sourcecode.swift; path = LOGINPAGEVIEWERTests.swift; sourceTree = "<group>"; };
		D2D797DA2C3FA6DB00B98289 /* Info.plist */ = {isa = PBXFileReference; lastKnownFileType = text.plist.xml; path = Info.plist; sourceTree = "<group>"; };
		D2D797DF2C3FA6DB00B98289 /* LOGINPAGEVIEWERUITests.xctest */ = {isa = PBXFileReference; explicitFileType = wrapper.cfbundle; includeInIndex = 0; path = LOGINPAGEVIEWERUITests.xctest; sourceTree = BUILT_PRODUCTS_DIR; };
		D2D797E32C3FA6DB00B98289 /* LOGINPAGEVIEWERUITests.swift */ = {isa = PBXFileReference; lastKnownFileType = sourcecode.swift; path = LOGINPAGEVIEWERUITests.swift; sourceTree = "<group>"; };
		D2D797E52C3FA6DB00B98289 /* Info.plist */ = {isa = PBXFileReference; lastKnownFileType = text.plist.xml; path = Info.plist; sourceTree = "<group>"; };
		D2D797FF2C3FB34B00B98289 /* LOGIN1ViewController.swift */ = {isa = PBXFileReference; lastKnownFileType = sourcecode.swift; path = LOGIN1ViewController.swift; sourceTree = "<group>"; };
		D2D798042C3FB92B00B98289 /* HOMEViewController.swift */ = {isa = PBXFileReference; lastKnownFileType = sourcecode.swift; path = HOMEViewController.swift; sourceTree = "<group>"; };
		D2D798092C3FBB8500B98289 /* HOME1TableViewCell.swift */ = {isa = PBXFileReference; lastKnownFileType = sourcecode.swift; path = HOME1TableViewCell.swift; sourceTree = "<group>"; };
/* End PBXFileReference section */

/* Begin PBXFrameworksBuildPhase section */
		D2D797B82C3FA6D800B98289 /* Frameworks */ = {
			isa = PBXFrameworksBuildPhase;
			buildActionMask = 2147483647;
			files = (
			);
			runOnlyForDeploymentPostprocessing = 0;
		};
		D2D797D12C3FA6DB00B98289 /* Frameworks */ = {
			isa = PBXFrameworksBuildPhase;
			buildActionMask = 2147483647;
			files = (
			);
			runOnlyForDeploymentPostprocessing = 0;
		};
		D2D797DC2C3FA6DB00B98289 /* Frameworks */ = {
			isa = PBXFrameworksBuildPhase;
			buildActionMask = 2147483647;
			files = (
			);
			runOnlyForDeploymentPostprocessing = 0;
		};
/* End PBXFrameworksBuildPhase section */

/* Begin PBXGroup section */
		D2D797B22C3FA6D800B98289 = {
			isa = PBXGroup;
			children = (
				D2D797BD2C3FA6D800B98289 /* LOGINPAGEVIEWER */,
				D2D797D72C3FA6DB00B98289 /* LOGINPAGEVIEWERTests */,
				D2D797E22C3FA6DB00B98289 /* LOGINPAGEVIEWERUITests */,
				D2D797BC2C3FA6D800B98289 /* Products */,
			);
			sourceTree = "<group>";
		};
		D2D797BC2C3FA6D800B98289 /* Products */ = {
			isa = PBXGroup;
			children = (
				D2D797BB2C3FA6D800B98289 /* LOGINPAGEVIEWER.app */,
				D2D797D42C3FA6DB00B98289 /* LOGINPAGEVIEWERTests.xctest */,
				D2D797DF2C3FA6DB00B98289 /* LOGINPAGEVIEWERUITests.xctest */,
			);
			name = Products;
			sourceTree = "<group>";
		};
		D2D797BD2C3FA6D800B98289 /* LOGINPAGEVIEWER */ = {
			isa = PBXGroup;
			children = (
				D2D797BE2C3FA6D800B98289 /* AppDelegate.swift */,
				D2D797C02C3FA6D800B98289 /* SceneDelegate.swift */,
				D2D797C22C3FA6D800B98289 /* ViewController.swift */,
				D2D797C42C3FA6D800B98289 /* Main.storyboard */,
				D2D797CA2C3FA6DA00B98289 /* Assets.xcassets */,
				D2D798092C3FBB8500B98289 /* HOME1TableViewCell.swift */,
				D2D798042C3FB92B00B98289 /* HOMEViewController.swift */,
				D2D797FF2C3FB34B00B98289 /* LOGIN1ViewController.swift */,
				D2D797CC2C3FA6DA00B98289 /* LaunchScreen.storyboard */,
				D2D797CF2C3FA6DA00B98289 /* Info.plist */,
				D2D797C72C3FA6D800B98289 /* LOGINPAGEVIEWER.xcdatamodeld */,
			);
			path = LOGINPAGEVIEWER;
			sourceTree = "<group>";
		};
		D2D797D72C3FA6DB00B98289 /* LOGINPAGEVIEWERTests */ = {
			isa = PBXGroup;
			children = (
				D2D797D82C3FA6DB00B98289 /* LOGINPAGEVIEWERTests.swift */,
				D2D797DA2C3FA6DB00B98289 /* Info.plist */,
			);
			path = LOGINPAGEVIEWERTests;
			sourceTree = "<group>";
		};
		D2D797E22C3FA6DB00B98289 /* LOGINPAGEVIEWERUITests */ = {
			isa = PBXGroup;
			children = (
				D2D797E32C3FA6DB00B98289 /* LOGINPAGEVIEWERUITests.swift */,
				D2D797E52C3FA6DB00B98289 /* Info.plist */,
			);
			path = LOGINPAGEVIEWERUITests;
			sourceTree = "<group>";
		};
/* End PBXGroup section */

/* Begin PBXNativeTarget section */
		D2D797BA2C3FA6D800B98289 /* LOGINPAGEVIEWER */ = {
			isa = PBXNativeTarget;
			buildConfigurationList = D2D797E82C3FA6DB00B98289 /* Build configuration list for PBXNativeTarget "LOGINPAGEVIEWER" */;
			buildPhases = (
				D2D797B72C3FA6D800B98289 /* Sources */,
				D2D797B82C3FA6D800B98289 /* Frameworks */,
				D2D797B92C3FA6D800B98289 /* Resources */,
			);
			buildRules = (
			);
			dependencies = (
			);
			name = LOGINPAGEVIEWER;
			productName = LOGINPAGEVIEWER;
			productReference = D2D797BB2C3FA6D800B98289 /* LOGINPAGEVIEWER.app */;
			productType = "com.apple.product-type.application";
		};
		D2D797D32C3FA6DB00B98289 /* LOGINPAGEVIEWERTests */ = {
			isa = PBXNativeTarget;
			buildConfigurationList = D2D797EB2C3FA6DB00B98289 /* Build configuration list for PBXNativeTarget "LOGINPAGEVIEWERTests" */;
			buildPhases = (
				D2D797D02C3FA6DB00B98289 /* Sources */,
				D2D797D12C3FA6DB00B98289 /* Frameworks */,
				D2D797D22C3FA6DB00B98289 /* Resources */,
			);
			buildRules = (
			);
			dependencies = (
				D2D797D62C3FA6DB00B98289 /* PBXTargetDependency */,
			);
			name = LOGINPAGEVIEWERTests;
			productName = LOGINPAGEVIEWERTests;
			productReference = D2D797D42C3FA6DB00B98289 /* LOGINPAGEVIEWERTests.xctest */;
			productType = "com.apple.product-type.bundle.unit-test";
		};
		D2D797DE2C3FA6DB00B98289 /* LOGINPAGEVIEWERUITests */ = {
			isa = PBXNativeTarget;
			buildConfigurationList = D2D797EE2C3FA6DB00B98289 /* Build configuration list for PBXNativeTarget "LOGINPAGEVIEWERUITests" */;
			buildPhases = (
				D2D797DB2C3FA6DB00B98289 /* Sources */,
				D2D797DC2C3FA6DB00B98289 /* Frameworks */,
				D2D797DD2C3FA6DB00B98289 /* Resources */,
			);
			buildRules = (
			);
			dependencies = (
				D2D797E12C3FA6DB00B98289 /* PBXTargetDependency */,
			);
			name = LOGINPAGEVIEWERUITests;
			productName = LOGINPAGEVIEWERUITests;
			productReference = D2D797DF2C3FA6DB00B98289 /* LOGINPAGEVIEWERUITests.xctest */;
			productType = "com.apple.product-type.bundle.ui-testing";
		};
/* End PBXNativeTarget section */

/* Begin PBXProject section */
		D2D797B32C3FA6D800B98289 /* Project object */ = {
			isa = PBXProject;
			attributes = {
				LastSwiftUpdateCheck = 1240;
				LastUpgradeCheck = 1240;
				TargetAttributes = {
					D2D797BA2C3FA6D800B98289 = {
						CreatedOnToolsVersion = 12.4;
					};
					D2D797D32C3FA6DB00B98289 = {
						CreatedOnToolsVersion = 12.4;
						TestTargetID = D2D797BA2C3FA6D800B98289;
					};
					D2D797DE2C3FA6DB00B98289 = {
						CreatedOnToolsVersion = 12.4;
						TestTargetID = D2D797BA2C3FA6D800B98289;
					};
				};
			};
			buildConfigurationList = D2D797B62C3FA6D800B98289 /* Build configuration list for PBXProject "LOGINPAGEVIEWER" */;
			compatibilityVersion = "Xcode 9.3";
			developmentRegion = en;
			hasScannedForEncodings = 0;
			knownRegions = (
				en,
				Base,
			);
			mainGroup = D2D797B22C3FA6D800B98289;
			productRefGroup = D2D797BC2C3FA6D800B98289 /* Products */;
			projectDirPath = "";
			projectRoot = "";
			targets = (
				D2D797BA2C3FA6D800B98289 /* LOGINPAGEVIEWER */,
				D2D797D32C3FA6DB00B98289 /* LOGINPAGEVIEWERTests */,
				D2D797DE2C3FA6DB00B98289 /* LOGINPAGEVIEWERUITests */,
			);
		};
/* End PBXProject section */

/* Begin PBXResourcesBuildPhase section */
		D2D797B92C3FA6D800B98289 /* Resources */ = {
			isa = PBXResourcesBuildPhase;
			buildActionMask = 2147483647;
			files = (
				D2D797CE2C3FA6DA00B98289 /* LaunchScreen.storyboard in Resources */,
				D2D797CB2C3FA6DA00B98289 /* Assets.xcassets in Resources */,
				D2D797C62C3FA6D800B98289 /* Main.storyboard in Resources */,
			);
			runOnlyForDeploymentPostprocessing = 0;
		};
		D2D797D22C3FA6DB00B98289 /* Resources */ = {
			isa = PBXResourcesBuildPhase;
			buildActionMask = 2147483647;
			files = (
			);
			runOnlyForDeploymentPostprocessing = 0;
		};
		D2D797DD2C3FA6DB00B98289 /* Resources */ = {
			isa = PBXResourcesBuildPhase;
			buildActionMask = 2147483647;
			files = (
			);
			runOnlyForDeploymentPostprocessing = 0;
		};
/* End PBXResourcesBuildPhase section */

/* Begin PBXSourcesBuildPhase section */
		D2D797B72C3FA6D800B98289 /* Sources */ = {
			isa = PBXSourcesBuildPhase;
			buildActionMask = 2147483647;
			files = (
				D2D797C92C3FA6D800B98289 /* LOGINPAGEVIEWER.xcdatamodeld in Sources */,
				D2D7980A2C3FBB8500B98289 /* HOME1TableViewCell.swift in Sources */,
				D2D797C32C3FA6D800B98289 /* ViewController.swift in Sources */,
				D2D797BF2C3FA6D800B98289 /* AppDelegate.swift in Sources */,
				D2D797C12C3FA6D800B98289 /* SceneDelegate.swift in Sources */,
				D2D798002C3FB34B00B98289 /* LOGIN1ViewController.swift in Sources */,
				D2D798052C3FB92B00B98289 /* HOMEViewController.swift in Sources */,
			);
			runOnlyForDeploymentPostprocessing = 0;
		};
		D2D797D02C3FA6DB00B98289 /* Sources */ = {
			isa = PBXSourcesBuildPhase;
			buildActionMask = 2147483647;
			files = (
				D2D797D92C3FA6DB00B98289 /* LOGINPAGEVIEWERTests.swift in Sources */,
			);
			runOnlyForDeploymentPostprocessing = 0;
		};
		D2D797DB2C3FA6DB00B98289 /* Sources */ = {
			isa = PBXSourcesBuildPhase;
			buildActionMask = 2147483647;
			files = (
				D2D797E42C3FA6DB00B98289 /* LOGINPAGEVIEWERUITests.swift in Sources */,
			);
			runOnlyForDeploymentPostprocessing = 0;
		};
/* End PBXSourcesBuildPhase section */

/* Begin PBXTargetDependency section */
		D2D797D62C3FA6DB00B98289 /* PBXTargetDependency */ = {
			isa = PBXTargetDependency;
			target = D2D797BA2C3FA6D800B98289 /* LOGINPAGEVIEWER */;
			targetProxy = D2D797D52C3FA6DB00B98289 /* PBXContainerItemProxy */;
		};
		D2D797E12C3FA6DB00B98289 /* PBXTargetDependency */ = {
			isa = PBXTargetDependency;
			target = D2D797BA2C3FA6D800B98289 /* LOGINPAGEVIEWER */;
			targetProxy = D2D797E02C3FA6DB00B98289 /* PBXContainerItemProxy */;
		};
/* End PBXTargetDependency section */

/* Begin PBXVariantGroup section */
		D2D797C42C3FA6D800B98289 /* Main.storyboard */ = {
			isa = PBXVariantGroup;
			children = (
				D2D797C52C3FA6D800B98289 /* Base */,
			);
			name = Main.storyboard;
			sourceTree = "<group>";
		};
		D2D797CC2C3FA6DA00B98289 /* LaunchScreen.storyboard */ = {
			isa = PBXVariantGroup;
			children = (
				D2D797CD2C3FA6DA00B98289 /* Base */,
			);
			name = LaunchScreen.storyboard;
			sourceTree = "<group>";
		};
/* End PBXVariantGroup section */

/* Begin XCBuildConfiguration section */
		D2D797E62C3FA6DB00B98289 /* Debug */ = {
			isa = XCBuildConfiguration;
			buildSettings = {
				ALWAYS_SEARCH_USER_PATHS = NO;
				CLANG_ANALYZER_NONNULL = YES;
				CLANG_ANALYZER_NUMBER_OBJECT_CONVERSION = YES_AGGRESSIVE;
				CLANG_CXX_LANGUAGE_STANDARD = "gnu++14";
				CLANG_CXX_LIBRARY = "libc++";
				CLANG_ENABLE_MODULES = YES;
				CLANG_ENABLE_OBJC_ARC = YES;
				CLANG_ENABLE_OBJC_WEAK = YES;
				CLANG_WARN_BLOCK_CAPTURE_AUTORELEASING = YES;
				CLANG_WARN_BOOL_CONVERSION = YES;
				CLANG_WARN_COMMA = YES;
				CLANG_WARN_CONSTANT_CONVERSION = YES;
				CLANG_WARN_DEPRECATED_OBJC_IMPLEMENTATIONS = YES;
				CLANG_WARN_DIRECT_OBJC_ISA_USAGE = YES_ERROR;
				CLANG_WARN_DOCUMENTATION_COMMENTS = YES;
				CLANG_WARN_EMPTY_BODY = YES;
				CLANG_WARN_ENUM_CONVERSION = YES;
				CLANG_WARN_INFINITE_RECURSION = YES;
				CLANG_WARN_INT_CONVERSION = YES;
				CLANG_WARN_NON_LITERAL_NULL_CONVERSION = YES;
				CLANG_WARN_OBJC_IMPLICIT_RETAIN_SELF = YES;
				CLANG_WARN_OBJC_LITERAL_CONVERSION = YES;
				CLANG_WARN_OBJC_ROOT_CLASS = YES_ERROR;
				CLANG_WARN_QUOTED_INCLUDE_IN_FRAMEWORK_HEADER = YES;
				CLANG_WARN_RANGE_LOOP_ANALYSIS = YES;
				CLANG_WARN_STRICT_PROTOTYPES = YES;
				CLANG_WARN_SUSPICIOUS_MOVE = YES;
				CLANG_WARN_UNGUARDED_AVAILABILITY = YES_AGGRESSIVE;
				CLANG_WARN_UNREACHABLE_CODE = YES;
				CLANG_WARN__DUPLICATE_METHOD_MATCH = YES;
				COPY_PHASE_STRIP = NO;
				DEBUG_INFORMATION_FORMAT = dwarf;
				ENABLE_STRICT_OBJC_MSGSEND = YES;
				ENABLE_TESTABILITY = YES;
				GCC_C_LANGUAGE_STANDARD = gnu11;
				GCC_DYNAMIC_NO_PIC = NO;
				GCC_NO_COMMON_BLOCKS = YES;
				GCC_OPTIMIZATION_LEVEL = 0;
				GCC_PREPROCESSOR_DEFINITIONS = (
					"DEBUG=1",
					"$(inherited)",
				);
				GCC_WARN_64_TO_32_BIT_CONVERSION = YES;
				GCC_WARN_ABOUT_RETURN_TYPE = YES_ERROR;
				GCC_WARN_UNDECLARED_SELECTOR = YES;
				GCC_WARN_UNINITIALIZED_AUTOS = YES_AGGRESSIVE;
				GCC_WARN_UNUSED_FUNCTION = YES;
				GCC_WARN_UNUSED_VARIABLE = YES;
				IPHONEOS_DEPLOYMENT_TARGET = 14.4;
				MTL_ENABLE_DEBUG_INFO = INCLUDE_SOURCE;
				MTL_FAST_MATH = YES;
				ONLY_ACTIVE_ARCH = YES;
				SDKROOT = iphoneos;
				SWIFT_ACTIVE_COMPILATION_CONDITIONS = DEBUG;
				SWIFT_OPTIMIZATION_LEVEL = "-Onone";
			};
			name = Debug;
		};
		D2D797E72C3FA6DB00B98289 /* Release */ = {
			isa = XCBuildConfiguration;
			buildSettings = {
				ALWAYS_SEARCH_USER_PATHS = NO;
				CLANG_ANALYZER_NONNULL = YES;
				CLANG_ANALYZER_NUMBER_OBJECT_CONVERSION = YES_AGGRESSIVE;
				CLANG_CXX_LANGUAGE_STANDARD = "gnu++14";
				CLANG_CXX_LIBRARY = "libc++";
				CLANG_ENABLE_MODULES = YES;
				CLANG_ENABLE_OBJC_ARC = YES;
				CLANG_ENABLE_OBJC_WEAK = YES;
				CLANG_WARN_BLOCK_CAPTURE_AUTORELEASING = YES;
				CLANG_WARN_BOOL_CONVERSION = YES;
				CLANG_WARN_COMMA = YES;
				CLANG_WARN_CONSTANT_CONVERSION = YES;
				CLANG_WARN_DEPRECATED_OBJC_IMPLEMENTATIONS = YES;
				CLANG_WARN_DIRECT_OBJC_ISA_USAGE = YES_ERROR;
				CLANG_WARN_DOCUMENTATION_COMMENTS = YES;
				CLANG_WARN_EMPTY_BODY = YES;
				CLANG_WARN_ENUM_CONVERSION = YES;
				CLANG_WARN_INFINITE_RECURSION = YES;
				CLANG_WARN_INT_CONVERSION = YES;
				CLANG_WARN_NON_LITERAL_NULL_CONVERSION = YES;
				CLANG_WARN_OBJC_IMPLICIT_RETAIN_SELF = YES;
				CLANG_WARN_OBJC_LITERAL_CONVERSION = YES;
				CLANG_WARN_OBJC_ROOT_CLASS = YES_ERROR;
				CLANG_WARN_QUOTED_INCLUDE_IN_FRAMEWORK_HEADER = YES;
				CLANG_WARN_RANGE_LOOP_ANALYSIS = YES;
				CLANG_WARN_STRICT_PROTOTYPES = YES;
				CLANG_WARN_SUSPICIOUS_MOVE = YES;
				CLANG_WARN_UNGUARDED_AVAILABILITY = YES_AGGRESSIVE;
				CLANG_WARN_UNREACHABLE_CODE = YES;
				CLANG_WARN__DUPLICATE_METHOD_MATCH = YES;
				COPY_PHASE_STRIP = NO;
				DEBUG_INFORMATION_FORMAT = "dwarf-with-dsym";
				ENABLE_NS_ASSERTIONS = NO;
				ENABLE_STRICT_OBJC_MSGSEND = YES;
				GCC_C_LANGUAGE_STANDARD = gnu11;
				GCC_NO_COMMON_BLOCKS = YES;
				GCC_WARN_64_TO_32_BIT_CONVERSION = YES;
				GCC_WARN_ABOUT_RETURN_TYPE = YES_ERROR;
				GCC_WARN_UNDECLARED_SELECTOR = YES;
				GCC_WARN_UNINITIALIZED_AUTOS = YES_AGGRESSIVE;
				GCC_WARN_UNUSED_FUNCTION = YES;
				GCC_WARN_UNUSED_VARIABLE = YES;
				IPHONEOS_DEPLOYMENT_TARGET = 14.4;
				MTL_ENABLE_DEBUG_INFO = NO;
				MTL_FAST_MATH = YES;
				SDKROOT = iphoneos;
				SWIFT_COMPILATION_MODE = wholemodule;
				SWIFT_OPTIMIZATION_LEVEL = "-O";
				VALIDATE_PRODUCT = YES;
			};
			name = Release;
		};
		D2D797E92C3FA6DB00B98289 /* Debug */ = {
			isa = XCBuildConfiguration;
			buildSettings = {
				ASSETCATALOG_COMPILER_APPICON_NAME = AppIcon;
				ASSETCATALOG_COMPILER_GLOBAL_ACCENT_COLOR_NAME = AccentColor;
				CODE_SIGN_STYLE = Automatic;
				INFOPLIST_FILE = LOGINPAGEVIEWER/Info.plist;
				LD_RUNPATH_SEARCH_PATHS = (
					"$(inherited)",
					"@executable_path/Frameworks",
				);
				PRODUCT_BUNDLE_IDENTIFIER = SHAJA.LOGINPAGEVIEWER;
				PRODUCT_NAME = "$(TARGET_NAME)";
				SWIFT_VERSION = 5.0;
				TARGETED_DEVICE_FAMILY = "1,2";
			};
			name = Debug;
		};
		D2D797EA2C3FA6DB00B98289 /* Release */ = {
			isa = XCBuildConfiguration;
			buildSettings = {
				ASSETCATALOG_COMPILER_APPICON_NAME = AppIcon;
				ASSETCATALOG_COMPILER_GLOBAL_ACCENT_COLOR_NAME = AccentColor;
				CODE_SIGN_STYLE = Automatic;
				INFOPLIST_FILE = LOGINPAGEVIEWER/Info.plist;
				LD_RUNPATH_SEARCH_PATHS = (
					"$(inherited)",
					"@executable_path/Frameworks",
				);
				PRODUCT_BUNDLE_IDENTIFIER = SHAJA.LOGINPAGEVIEWER;
				PRODUCT_NAME = "$(TARGET_NAME)";
				SWIFT_VERSION = 5.0;
				TARGETED_DEVICE_FAMILY = "1,2";
			};
			name = Release;
		};
		D2D797EC2C3FA6DB00B98289 /* Debug */ = {
			isa = XCBuildConfiguration;
			buildSettings = {
				ALWAYS_EMBED_SWIFT_STANDARD_LIBRARIES = YES;
				BUNDLE_LOADER = "$(TEST_HOST)";
				CODE_SIGN_STYLE = Automatic;
				INFOPLIST_FILE = LOGINPAGEVIEWERTests/Info.plist;
				IPHONEOS_DEPLOYMENT_TARGET = 14.4;
				LD_RUNPATH_SEARCH_PATHS = (
					"$(inherited)",
					"@executable_path/Frameworks",
					"@loader_path/Frameworks",
				);
				PRODUCT_BUNDLE_IDENTIFIER = SHAJA.LOGINPAGEVIEWERTests;
				PRODUCT_NAME = "$(TARGET_NAME)";
				SWIFT_VERSION = 5.0;
				TARGETED_DEVICE_FAMILY = "1,2";
				TEST_HOST = "$(BUILT_PRODUCTS_DIR)/LOGINPAGEVIEWER.app/LOGINPAGEVIEWER";
			};
			name = Debug;
		};
		D2D797ED2C3FA6DB00B98289 /* Release */ = {
			isa = XCBuildConfiguration;
			buildSettings = {
				ALWAYS_EMBED_SWIFT_STANDARD_LIBRARIES = YES;
				BUNDLE_LOADER = "$(TEST_HOST)";
				CODE_SIGN_STYLE = Automatic;
				INFOPLIST_FILE = LOGINPAGEVIEWERTests/Info.plist;
				IPHONEOS_DEPLOYMENT_TARGET = 14.4;
				LD_RUNPATH_SEARCH_PATHS = (
					"$(inherited)",
					"@executable_path/Frameworks",
					"@loader_path/Frameworks",
				);
				PRODUCT_BUNDLE_IDENTIFIER = SHAJA.LOGINPAGEVIEWERTests;
				PRODUCT_NAME = "$(TARGET_NAME)";
				SWIFT_VERSION = 5.0;
				TARGETED_DEVICE_FAMILY = "1,2";
				TEST_HOST = "$(BUILT_PRODUCTS_DIR)/LOGINPAGEVIEWER.app/LOGINPAGEVIEWER";
			};
			name = Release;
		};
		D2D797EF2C3FA6DB00B98289 /* Debug */ = {
			isa = XCBuildConfiguration;
			buildSettings = {
				ALWAYS_EMBED_SWIFT_STANDARD_LIBRARIES = YES;
				CODE_SIGN_STYLE = Automatic;
				INFOPLIST_FILE = LOGINPAGEVIEWERUITests/Info.plist;
				LD_RUNPATH_SEARCH_PATHS = (
					"$(inherited)",
					"@executable_path/Frameworks",
					"@loader_path/Frameworks",
				);
				PRODUCT_BUNDLE_IDENTIFIER = SHAJA.LOGINPAGEVIEWERUITests;
				PRODUCT_NAME = "$(TARGET_NAME)";
				SWIFT_VERSION = 5.0;
				TARGETED_DEVICE_FAMILY = "1,2";
				TEST_TARGET_NAME = LOGINPAGEVIEWER;
			};
			name = Debug;
		};
		D2D797F02C3FA6DB00B98289 /* Release */ = {
			isa = XCBuildConfiguration;
			buildSettings = {
				ALWAYS_EMBED_SWIFT_STANDARD_LIBRARIES = YES;
				CODE_SIGN_STYLE = Automatic;
				INFOPLIST_FILE = LOGINPAGEVIEWERUITests/Info.plist;
				LD_RUNPATH_SEARCH_PATHS = (
					"$(inherited)",
					"@executable_path/Frameworks",
					"@loader_path/Frameworks",
				);
				PRODUCT_BUNDLE_IDENTIFIER = SHAJA.LOGINPAGEVIEWERUITests;
				PRODUCT_NAME = "$(TARGET_NAME)";
				SWIFT_VERSION = 5.0;
				TARGETED_DEVICE_FAMILY = "1,2";
				TEST_TARGET_NAME = LOGINPAGEVIEWER;
			};
			name = Release;
		};
/* End XCBuildConfiguration section */

/* Begin XCConfigurationList section */
		D2D797B62C3FA6D800B98289 /* Build configuration list for PBXProject "LOGINPAGEVIEWER" */ = {
			isa = XCConfigurationList;
			buildConfigurations = (
				D2D797E62C3FA6DB00B98289 /* Debug */,
				D2D797E72C3FA6DB00B98289 /* Release */,
			);
			defaultConfigurationIsVisible = 0;
			defaultConfigurationName = Release;
		};
		D2D797E82C3FA6DB00B98289 /* Build configuration list for PBXNativeTarget "LOGINPAGEVIEWER" */ = {
			isa = XCConfigurationList;
			buildConfigurations = (
				D2D797E92C3FA6DB00B98289 /* Debug */,
				D2D797EA2C3FA6DB00B98289 /* Release */,
			);
			defaultConfigurationIsVisible = 0;
			defaultConfigurationName = Release;
		};
		D2D797EB2C3FA6DB00B98289 /* Build configuration list for PBXNativeTarget "LOGINPAGEVIEWERTests" */ = {
			isa = XCConfigurationList;
			buildConfigurations = (
				D2D797EC2C3FA6DB00B98289 /* Debug */,
				D2D797ED2C3FA6DB00B98289 /* Release */,
			);
			defaultConfigurationIsVisible = 0;
			defaultConfigurationName = Release;
		};
		D2D797EE2C3FA6DB00B98289 /* Build configuration list for PBXNativeTarget "LOGINPAGEVIEWERUITests" */ = {
			isa = XCConfigurationList;
			buildConfigurations = (
				D2D797EF2C3FA6DB00B98289 /* Debug */,
				D2D797F02C3FA6DB00B98289 /* Release */,
			);
			defaultConfigurationIsVisible = 0;
			defaultConfigurationName = Release;
		};
/* End XCConfigurationList section */

/* Begin XCVersionGroup section */
		D2D797C72C3FA6D800B98289 /* LOGINPAGEVIEWER.xcdatamodeld */ = {
			isa = XCVersionGroup;
			children = (
				D2D797C82C3FA6D800B98289 /* LOGINPAGEVIEWER.xcdatamodel */,
			);
			currentVersion = D2D797C82C3FA6D800B98289 /* LOGINPAGEVIEWER.xcdatamodel */;
			path = LOGINPAGEVIEWER.xcdatamodeld;
			sourceTree = "<group>";
			versionGroupType = wrapper.xcdatamodel;
		};
/* End XCVersionGroup section */
	};
	rootObject = D2D797B32C3FA6D800B98289 /* Project object */;
}
